
Microsoft Visual Studio Solution File, Format Version 12.00
# Visual Studio 15
VisualStudioVersion = 15.0.27130.2010
MinimumVisualStudioVersion = 10.0.40219.1
Project("{FAE04EC0-301F-11D3-BF4B-00C04F79EFBC}") = "GRA - jaka to liczba", "GRA - jaka to liczba\GRA - jaka to liczba.csproj", "{DC782BC9-CFE3-4B15-B7CB-77467A08B740}"
EndProject
Global
	GlobalSection(SolutionConfigurationPlatforms) = preSolution
		Debug|Any CPU = Debug|Any CPU
		Release|Any CPU = Release|Any CPU
	EndGlobalSection
	GlobalSection(ProjectConfigurationPlatforms) = postSolution
		{DC782BC9-CFE3-4B15-B7CB-77467A08B740}.Debug|Any CPU.ActiveCfg = Debug|Any CPU
		{DC782BC9-CFE3-4B15-B7CB-77467A08B740}.Debug|Any CPU.Build.0 = Debug|Any CPU
		{DC782BC9-CFE3-4B15-B7CB-77467A08B740}.Release|Any CPU.ActiveCfg = Release|Any CPU
		{DC782BC9-CFE3-4B15-B7CB-77467A08B740}.Release|Any CPU.Build.0 = Release|Any CPU
	EndGlobalSection
	GlobalSection(SolutionProperties) = preSolution
		HideSolutionNode = FALSE
	EndGlobalSection
	GlobalSection(ExtensibilityGlobals) = postSolution
		SolutionGuid = {0B298AFE-EC4D-4898-AA6E-1EF386BC7FC1}
	EndGlobalSection
EndGlobal
